{
  "version": 1,
  "dependencies": {
    "net10.0-windows7.0": {
      "DalamudPackager": {
        "type": "Direct",
        "requested": "[15.0.0, )",
        "resolved": "15.0.0",
        "contentHash": "5y9wVvE1bO7c8EUDmWhVzjy6Rp4PkR8K9N3J7xQ2F6v5L8mN9o0P1q2r3S4t5U6v7w8x9y0Z1a2B3C4D5E6F7G=="
      },
      "DotNet.ReproducibleBuilds": {
        "type": "Direct",
        "requested": "[1.2.39, )",
        "resolved": "1.2.39",
        "contentHash": "fcFN01tDTIQqDuTwr1jUQK/geofiwjG5DycJQOnC72i1SsLAk1ELe+apBOuZ11UMQG8YKFZG1FgvjZPbqHyatg=="
      },
      "ECommons": {
        "type": "Direct",
        "requested": "[3.1.0.6, )",
        "resolved": "3.1.0.6",
        "contentHash": "R17fNKyTD5ECL8EustEdjVZc5kbN5WQ4rK/SbSCVzQT6jQtzNC5xjrSBRz3W+YXVHCtyNJ1Aymqh80R4nfDuZA=="
      }
    }
  }
}
